
Microsoft Visual Studio Solution File, Format Version 12.00
# Visual Studio Version 17
VisualStudioVersion = 17.5.33530.505
MinimumVisualStudioVersion = 10.0.40219.1
Project("{FAE04EC0-301F-11D3-BF4B-00C04F79EFBC}") = "CaesarCipherDecryption", "CaesarCipherDecryption\CaesarCipherDecryption.csproj", "{00D4FDD6-85DA-4B08-9CE6-0137D3EDA557}"
EndProject
Global
	GlobalSection(SolutionConfigurationPlatforms) = preSolution
		Debug|Any CPU = Debug|Any CPU
		Release|Any CPU = Release|Any CPU
	EndGlobalSection
	GlobalSection(ProjectConfigurationPlatforms) = postSolution
		{00D4FDD6-85DA-4B08-9CE6-0137D3EDA557}.Debug|Any CPU.ActiveCfg = Debug|Any CPU
		{00D4FDD6-85DA-4B08-9CE6-0137D3EDA557}.Debug|Any CPU.Build.0 = Debug|Any CPU
		{00D4FDD6-85DA-4B08-9CE6-0137D3EDA557}.Release|Any CPU.ActiveCfg = Release|Any CPU
		{00D4FDD6-85DA-4B08-9CE6-0137D3EDA557}.Release|Any CPU.Build.0 = Release|Any CPU
	EndGlobalSection
	GlobalSection(SolutionProperties) = preSolution
		HideSolutionNode = FALSE
	EndGlobalSection
	GlobalSection(ExtensibilityGlobals) = postSolution
		SolutionGuid = {728C9782-EA39-4F99-A3D1-ED499C9DCF80}
	EndGlobalSection
EndGlobal
